// !$*UTF8*$!
{
	archiveVersion = 1;
	classes = {
	};
	objectVersion = 48;
	objects = {

/* Begin PBXBuildFile section */
		E159B0E61FB37A44001E3EE5 /* tank.wav in Resources */ = {isa = PBXBuildFile; fileRef = E159B0E51FB37A3D001E3EE5 /* tank.wav */; };
		E166DA7A1FB369B300ED88FA /* explosion.wav in Resources */ = {isa = PBXBuildFile; fileRef = E166DA791FB366E400ED88FA /* explosion.wav */; };
		E166DA7C1FB36FE400ED88FA /* Sound.swift in Sources */ = {isa = PBXBuildFile; fileRef = E166DA7B1FB36FE400ED88FA /* Sound.swift */; };
		E1787D2F1FACE3B3008FD5AF /* AppDelegate.swift in Sources */ = {isa = PBXBuildFile; fileRef = E1787D2E1FACE3B3008FD5AF /* AppDelegate.swift */; };
		E1787D311FACE3B3008FD5AF /* ViewController.swift in Sources */ = {isa = PBXBuildFile; fileRef = E1787D301FACE3B3008FD5AF /* ViewController.swift */; };
		E1787D361FACE3B3008FD5AF /* Assets.xcassets in Resources */ = {isa = PBXBuildFile; fileRef = E1787D351FACE3B3008FD5AF /* Assets.xcassets */; };
		E1787D391FACE3B3008FD5AF /* LaunchScreen.storyboard in Resources */ = {isa = PBXBuildFile; fileRef = E1787D371FACE3B3008FD5AF /* LaunchScreen.storyboard */; };
		E1787D411FACE458008FD5AF /* BluetoothViewController.swift in Sources */ = {isa = PBXBuildFile; fileRef = E1787D401FACE458008FD5AF /* BluetoothViewController.swift */; };
		E1787D431FACE4EE008FD5AF /* SingleViewController.swift in Sources */ = {isa = PBXBuildFile; fileRef = E1787D421FACE4EE008FD5AF /* SingleViewController.swift */; };
		E1787D4A1FACE582008FD5AF /* JSAnalogueStick.m in Sources */ = {isa = PBXBuildFile; fileRef = E1787D461FACE582008FD5AF /* JSAnalogueStick.m */; };
		E1787D4B1FACE582008FD5AF /* JSButton.m in Sources */ = {isa = PBXBuildFile; fileRef = E1787D471FACE582008FD5AF /* JSButton.m */; };
		E1787D4D1FACE79B008FD5AF /* BluetoothTankWarClient.swift in Sources */ = {isa = PBXBuildFile; fileRef = E1787D4C1FACE79B008FD5AF /* BluetoothTankWarClient.swift */; };
		E1787D4F1FACE8D5008FD5AF /* TankWarClient.swift in Sources */ = {isa = PBXBuildFile; fileRef = E1787D4E1FACE8D5008FD5AF /* TankWarClient.swift */; };
		E1787D561FACE9AB008FD5AF /* Wall.swift in Sources */ = {isa = PBXBuildFile; fileRef = E1787D501FACE9AA008FD5AF /* Wall.swift */; };
		E1787D571FACE9AB008FD5AF /* BlueTank.swift in Sources */ = {isa = PBXBuildFile; fileRef = E1787D511FACE9AA008FD5AF /* BlueTank.swift */; };
		E1787D581FACE9AB008FD5AF /* Explode.swift in Sources */ = {isa = PBXBuildFile; fileRef = E1787D521FACE9AA008FD5AF /* Explode.swift */; };
		E1787D591FACE9AB008FD5AF /* Tank.swift in Sources */ = {isa = PBXBuildFile; fileRef = E1787D531FACE9AA008FD5AF /* Tank.swift */; };
		E1787D5A1FACE9AB008FD5AF /* Others.swift in Sources */ = {isa = PBXBuildFile; fileRef = E1787D541FACE9AA008FD5AF /* Others.swift */; };
		E1787D5B1FACE9AB008FD5AF /* Shell.swift in Sources */ = {isa = PBXBuildFile; fileRef = E1787D551FACE9AA008FD5AF /* Shell.swift */; };
		E1787D5E1FACFD49008FD5AF /* Main.storyboard in Resources */ = {isa = PBXBuildFile; fileRef = E1787D5D1FACFC7C008FD5AF /* Main.storyboard */; };
		E18FB3681FAD454400EDA857 /* Extensions.swift in Sources */ = {isa = PBXBuildFile; fileRef = E18FB3671FAD454400EDA857 /* Extensions.swift */; };
/* End PBXBuildFile section */

/* Begin PBXFileReference section */
		E159B0E51FB37A3D001E3EE5 /* tank.wav */ = {isa = PBXFileReference; lastKnownFileType = audio.wav; path = tank.wav; sourceTree = "<group>"; };
		E166DA791FB366E400ED88FA /* explosion.wav */ = {isa = PBXFileReference; lastKnownFileType = audio.wav; path = explosion.wav; sourceTree = "<group>"; };
		E166DA7B1FB36FE400ED88FA /* Sound.swift */ = {isa = PBXFileReference; lastKnownFileType = sourcecode.swift; path = Sound.swift; sourceTree = "<group>"; };
		E1787D2B1FACE3B3008FD5AF /* Tank War Redux.app */ = {isa = PBXFileReference; explicitFileType = wrapper.application; includeInIndex = 0; path = "Tank War Redux.app"; sourceTree = BUILT_PRODUCTS_DIR; };
		E1787D2E1FACE3B3008FD5AF /* AppDelegate.swift */ = {isa = PBXFileReference; lastKnownFileType = sourcecode.swift; path = AppDelegate.swift; sourceTree = "<group>"; };
		E1787D301FACE3B3008FD5AF /* ViewController.swift */ = {isa = PBXFileReference; lastKnownFileType = sourcecode.swift; path = ViewController.swift; sourceTree = "<group>"; };
		E1787D351FACE3B3008FD5AF /* Assets.xcassets */ = {isa = PBXFileReference; lastKnownFileType = folder.assetcatalog; path = Assets.xcassets; sourceTree = "<group>"; };
		E1787D381FACE3B3008FD5AF /* Base */ = {isa = PBXFileReference; lastKnownFileType = file.storyboard; name = Base; path = Base.lproj/LaunchScreen.storyboard; sourceTree = "<group>"; };
		E1787D3A1FACE3B3008FD5AF /* Info.plist */ = {isa = PBXFileReference; lastKnownFileType = text.plist.xml; path = Info.plist; sourceTree = "<group>"; };
		E1787D401FACE458008FD5AF /* BluetoothViewController.swift */ = {isa = PBXFileReference; lastKnownFileType = sourcecode.swift; path = BluetoothViewController.swift; sourceTree = "<group>"; };
		E1787D421FACE4EE008FD5AF /* SingleViewController.swift */ = {isa = PBXFileReference; lastKnownFileType = sourcecode.swift; path = SingleViewController.swift; sourceTree = "<group>"; };
		E1787D441FACE581008FD5AF /* Tank War Redux-Bridging-Header.h */ = {isa = PBXFileReference; lastKnownFileType = sourcecode.c.h; path = "Tank War Redux-Bridging-Header.h"; sourceTree = "<group>"; };
		E1787D451FACE582008FD5AF /* JSAnalogueStick.h */ = {isa = PBXFileReference; lastKnownFileType = sourcecode.c.h; path = JSAnalogueStick.h; sourceTree = "<group>"; };
		E1787D461FACE582008FD5AF /* JSAnalogueStick.m */ = {isa = PBXFileReference; lastKnownFileType = sourcecode.c.objc; path = JSAnalogueStick.m; sourceTree = "<group>"; };
		E1787D471FACE582008FD5AF /* JSButton.m */ = {isa = PBXFileReference; lastKnownFileType = sourcecode.c.objc; path = JSButton.m; sourceTree = "<group>"; };
		E1787D491FACE582008FD5AF /* JSButton.h */ = {isa = PBXFileReference; lastKnownFileType = sourcecode.c.h; path = JSButton.h; sourceTree = "<group>"; };
		E1787D4C1FACE79B008FD5AF /* BluetoothTankWarClient.swift */ = {isa = PBXFileReference; lastKnownFileType = sourcecode.swift; path = BluetoothTankWarClient.swift; sourceTree = "<group>"; };
		E1787D4E1FACE8D5008FD5AF /* TankWarClient.swift */ = {isa = PBXFileReference; lastKnownFileType = sourcecode.swift; path = TankWarClient.swift; sourceTree = "<group>"; };
		E1787D501FACE9AA008FD5AF /* Wall.swift */ = {isa = PBXFileReference; lastKnownFileType = sourcecode.swift; path = Wall.swift; sourceTree = "<group>"; };
		E1787D511FACE9AA008FD5AF /* BlueTank.swift */ = {isa = PBXFileReference; lastKnownFileType = sourcecode.swift; path = BlueTank.swift; sourceTree = "<group>"; };
		E1787D521FACE9AA008FD5AF /* Explode.swift */ = {isa = PBXFileReference; lastKnownFileType = sourcecode.swift; path = Explode.swift; sourceTree = "<group>"; };
		E1787D531FACE9AA008FD5AF /* Tank.swift */ = {isa = PBXFileReference; lastKnownFileType = sourcecode.swift; path = Tank.swift; sourceTree = "<group>"; };
		E1787D541FACE9AA008FD5AF /* Others.swift */ = {isa = PBXFileReference; lastKnownFileType = sourcecode.swift; path = Others.swift; sourceTree = "<group>"; };
		E1787D551FACE9AA008FD5AF /* Shell.swift */ = {isa = PBXFileReference; lastKnownFileType = sourcecode.swift; path = Shell.swift; sourceTree = "<group>"; };
		E1787D5D1FACFC7C008FD5AF /* Main.storyboard */ = {isa = PBXFileReference; lastKnownFileType = file.storyboard; path = Main.storyboard; sourceTree = "<group>"; };
		E18FB3671FAD454400EDA857 /* Extensions.swift */ = {isa = PBXFileReference; lastKnownFileType = sourcecode.swift; path = Extensions.swift; sourceTree = "<group>"; };
/* End PBXFileReference section */

/* Begin PBXFrameworksBuildPhase section */
		E1787D281FACE3B3008FD5AF /* Frameworks */ = {
			isa = PBXFrameworksBuildPhase;
			buildActionMask = 2147483647;
			files = (
			);
			runOnlyForDeploymentPostprocessing = 0;
		};
/* End PBXFrameworksBuildPhase section */

/* Begin PBXGroup section */
		E166DA781FB3666900ED88FA /* Sounds */ = {
			isa = PBXGroup;
			children = (
				E159B0E51FB37A3D001E3EE5 /* tank.wav */,
				E166DA791FB366E400ED88FA /* explosion.wav */,
			);
			path = Sounds;
			sourceTree = "<group>";
		};
		E1787D221FACE3B3008FD5AF = {
			isa = PBXGroup;
			children = (
				E1787D2D1FACE3B3008FD5AF /* Tank War Redux */,
				E1787D2C1FACE3B3008FD5AF /* Products */,
			);
			sourceTree = "<group>";
		};
		E1787D2C1FACE3B3008FD5AF /* Products */ = {
			isa = PBXGroup;
			children = (
				E1787D2B1FACE3B3008FD5AF /* Tank War Redux.app */,
			);
			name = Products;
			sourceTree = "<group>";
		};
		E1787D2D1FACE3B3008FD5AF /* Tank War Redux */ = {
			isa = PBXGroup;
			children = (
				E1787D2E1FACE3B3008FD5AF /* AppDelegate.swift */,
				E1787D511FACE9AA008FD5AF /* BlueTank.swift */,
				E1787D4C1FACE79B008FD5AF /* BluetoothTankWarClient.swift */,
				E1787D401FACE458008FD5AF /* BluetoothViewController.swift */,
				E1787D421FACE4EE008FD5AF /* SingleViewController.swift */,
				E1787D4E1FACE8D5008FD5AF /* TankWarClient.swift */,
				E1787D301FACE3B3008FD5AF /* ViewController.swift */,
				E1787D521FACE9AA008FD5AF /* Explode.swift */,
				E1787D551FACE9AA008FD5AF /* Shell.swift */,
				E166DA7B1FB36FE400ED88FA /* Sound.swift */,
				E1787D531FACE9AA008FD5AF /* Tank.swift */,
				E1787D501FACE9AA008FD5AF /* Wall.swift */,
				E1787D541FACE9AA008FD5AF /* Others.swift */,
				E18FB3671FAD454400EDA857 /* Extensions.swift */,
				E166DA781FB3666900ED88FA /* Sounds */,
				E1787D351FACE3B3008FD5AF /* Assets.xcassets */,
				E1787D371FACE3B3008FD5AF /* LaunchScreen.storyboard */,
				E1787D5D1FACFC7C008FD5AF /* Main.storyboard */,
				E1787D451FACE582008FD5AF /* JSAnalogueStick.h */,
				E1787D461FACE582008FD5AF /* JSAnalogueStick.m */,
				E1787D491FACE582008FD5AF /* JSButton.h */,
				E1787D471FACE582008FD5AF /* JSButton.m */,
				E1787D441FACE581008FD5AF /* Tank War Redux-Bridging-Header.h */,
				E1787D3A1FACE3B3008FD5AF /* Info.plist */,
			);
			path = "Tank War Redux";
			sourceTree = "<group>";
		};
/* End PBXGroup section */

/* Begin PBXNativeTarget section */
		E1787D2A1FACE3B3008FD5AF /* Tank War Redux */ = {
			isa = PBXNativeTarget;
			buildConfigurationList = E1787D3D1FACE3B3008FD5AF /* Build configuration list for PBXNativeTarget "Tank War Redux" */;
			buildPhases = (
				E1787D271FACE3B3008FD5AF /* Sources */,
				E1787D281FACE3B3008FD5AF /* Frameworks */,
				E1787D291FACE3B3008FD5AF /* Resources */,
			);
			buildRules = (
			);
			dependencies = (
			);
			name = "Tank War Redux";
			productName = "Tank War Redux";
			productReference = E1787D2B1FACE3B3008FD5AF /* Tank War Redux.app */;
			productType = "com.apple.product-type.application";
		};
/* End PBXNativeTarget section */

/* Begin PBXProject section */
		E1787D231FACE3B3008FD5AF /* Project object */ = {
			isa = PBXProject;
			attributes = {
				LastSwiftUpdateCheck = 0900;
				LastUpgradeCheck = 1240;
				ORGANIZATIONNAME = "Keith Davis";
				TargetAttributes = {
					E1787D2A1FACE3B3008FD5AF = {
						CreatedOnToolsVersion = 9.0;
						LastSwiftMigration = 1240;
						ProvisioningStyle = Automatic;
						SystemCapabilities = {
							com.apple.GameCenter = {
								enabled = 0;
							};
							com.apple.NetworkExtensions.iOS = {
								enabled = 0;
							};
						};
					};
				};
			};
			buildConfigurationList = E1787D261FACE3B3008FD5AF /* Build configuration list for PBXProject "Tank War Redux" */;
			compatibilityVersion = "Xcode 8.0";
			developmentRegion = en;
			hasScannedForEncodings = 0;
			knownRegions = (
				en,
				Base,
			);
			mainGroup = E1787D221FACE3B3008FD5AF;
			productRefGroup = E1787D2C1FACE3B3008FD5AF /* Products */;
			projectDirPath = "";
			projectRoot = "";
			targets = (
				E1787D2A1FACE3B3008FD5AF /* Tank War Redux */,
			);
		};
/* End PBXProject section */

/* Begin PBXResourcesBuildPhase section */
		E1787D291FACE3B3008FD5AF /* Resources */ = {
			isa = PBXResourcesBuildPhase;
			buildActionMask = 2147483647;
			files = (
				E159B0E61FB37A44001E3EE5 /* tank.wav in Resources */,
				E1787D5E1FACFD49008FD5AF /* Main.storyboard in Resources */,
				E1787D391FACE3B3008FD5AF /* LaunchScreen.storyboard in Resources */,
				E166DA7A1FB369B300ED88FA /* explosion.wav in Resources */,
				E1787D361FACE3B3008FD5AF /* Assets.xcassets in Resources */,
			);
			runOnlyForDeploymentPostprocessing = 0;
		};
/* End PBXResourcesBuildPhase section */

/* Begin PBXSourcesBuildPhase section */
		E1787D271FACE3B3008FD5AF /* Sources */ = {
			isa = PBXSourcesBuildPhase;
			buildActionMask = 2147483647;
			files = (
				E1787D581FACE9AB008FD5AF /* Explode.swift in Sources */,
				E1787D411FACE458008FD5AF /* BluetoothViewController.swift in Sources */,
				E1787D561FACE9AB008FD5AF /* Wall.swift in Sources */,
				E1787D311FACE3B3008FD5AF /* ViewController.swift in Sources */,
				E1787D571FACE9AB008FD5AF /* BlueTank.swift in Sources */,
				E1787D5A1FACE9AB008FD5AF /* Others.swift in Sources */,
				E1787D4B1FACE582008FD5AF /* JSButton.m in Sources */,
				E1787D2F1FACE3B3008FD5AF /* AppDelegate.swift in Sources */,
				E1787D5B1FACE9AB008FD5AF /* Shell.swift in Sources */,
				E1787D591FACE9AB008FD5AF /* Tank.swift in Sources */,
				E18FB3681FAD454400EDA857 /* Extensions.swift in Sources */,
				E1787D431FACE4EE008FD5AF /* SingleViewController.swift in Sources */,
				E1787D4F1FACE8D5008FD5AF /* TankWarClient.swift in Sources */,
				E1787D4A1FACE582008FD5AF /* JSAnalogueStick.m in Sources */,
				E1787D4D1FACE79B008FD5AF /* BluetoothTankWarClient.swift in Sources */,
				E166DA7C1FB36FE400ED88FA /* Sound.swift in Sources */,
			);
			runOnlyForDeploymentPostprocessing = 0;
		};
/* End PBXSourcesBuildPhase section */

/* Begin PBXVariantGroup section */
		E1787D371FACE3B3008FD5AF /* LaunchScreen.storyboard */ = {
			isa = PBXVariantGroup;
			children = (
				E1787D381FACE3B3008FD5AF /* Base */,
			);
			name = LaunchScreen.storyboard;
			sourceTree = "<group>";
		};
/* End PBXVariantGroup section */

/* Begin XCBuildConfiguration section */
		E1787D3B1FACE3B3008FD5AF /* Debug */ = {
			isa = XCBuildConfiguration;
			buildSettings = {
				ALWAYS_SEARCH_USER_PATHS = NO;
				CLANG_ANALYZER_NONNULL = YES;
				CLANG_ANALYZER_NUMBER_OBJECT_CONVERSION = YES_AGGRESSIVE;
				CLANG_CXX_LANGUAGE_STANDARD = "gnu++14";
				CLANG_CXX_LIBRARY = "libc++";
				CLANG_ENABLE_MODULES = YES;
				CLANG_ENABLE_OBJC_ARC = YES;
				CLANG_WARN_BLOCK_CAPTURE_AUTORELEASING = YES;
				CLANG_WARN_BOOL_CONVERSION = YES;
				CLANG_WARN_COMMA = YES;
				CLANG_WARN_CONSTANT_CONVERSION = YES;
				CLANG_WARN_DEPRECATED_OBJC_IMPLEMENTATIONS = YES;
				CLANG_WARN_DIRECT_OBJC_ISA_USAGE = YES_ERROR;
				CLANG_WARN_DOCUMENTATION_COMMENTS = YES;
				CLANG_WARN_EMPTY_BODY = YES;
				CLANG_WARN_ENUM_CONVERSION = YES;
				CLANG_WARN_INFINITE_RECURSION = YES;
				CLANG_WARN_INT_CONVERSION = YES;
				CLANG_WARN_NON_LITERAL_NULL_CONVERSION = YES;
				CLANG_WARN_OBJC_IMPLICIT_RETAIN_SELF = YES;
				CLANG_WARN_OBJC_LITERAL_CONVERSION = YES;
				CLANG_WARN_OBJC_ROOT_CLASS = YES_ERROR;
				CLANG_WARN_QUOTED_INCLUDE_IN_FRAMEWORK_HEADER = YES;
				CLANG_WARN_RANGE_LOOP_ANALYSIS = YES;
				CLANG_WARN_STRICT_PROTOTYPES = YES;
				CLANG_WARN_SUSPICIOUS_MOVE = YES;
				CLANG_WARN_UNGUARDED_AVAILABILITY = YES_AGGRESSIVE;
				CLANG_WARN_UNREACHABLE_CODE = YES;
				CLANG_WARN__DUPLICATE_METHOD_MATCH = YES;
				CODE_SIGN_IDENTITY = "iPhone Developer";
				COPY_PHASE_STRIP = NO;
				DEBUG_INFORMATION_FORMAT = dwarf;
				ENABLE_STRICT_OBJC_MSGSEND = YES;
				ENABLE_TESTABILITY = YES;
				GCC_C_LANGUAGE_STANDARD = gnu11;
				GCC_DYNAMIC_NO_PIC = NO;
				GCC_NO_COMMON_BLOCKS = YES;
				GCC_OPTIMIZATION_LEVEL = 0;
				GCC_PREPROCESSOR_DEFINITIONS = (
					"DEBUG=1",
					"$(inherited)",
				);
				GCC_WARN_64_TO_32_BIT_CONVERSION = YES;
				GCC_WARN_ABOUT_RETURN_TYPE = YES_ERROR;
				GCC_WARN_UNDECLARED_SELECTOR = YES;
				GCC_WARN_UNINITIALIZED_AUTOS = YES_AGGRESSIVE;
				GCC_WARN_UNUSED_FUNCTION = YES;
				GCC_WARN_UNUSED_VARIABLE = YES;
				IPHONEOS_DEPLOYMENT_TARGET = 12.0;
				MTL_ENABLE_DEBUG_INFO = YES;
				ONLY_ACTIVE_ARCH = YES;
				OTHER_SWIFT_FLAGS = "";
				SDKROOT = iphoneos;
				SWIFT_ACTIVE_COMPILATION_CONDITIONS = DEBUG;
				SWIFT_OBJC_BRIDGING_HEADER = "Tank War Redux-Bridging-Header";
				SWIFT_OPTIMIZATION_LEVEL = "-Onone";
			};
			name = Debug;
		};
		E1787D3C1FACE3B3008FD5AF /* Release */ = {
			isa = XCBuildConfiguration;
			buildSettings = {
				ALWAYS_SEARCH_USER_PATHS = NO;
				CLANG_ANALYZER_NONNULL = YES;
				CLANG_ANALYZER_NUMBER_OBJECT_CONVERSION = YES_AGGRESSIVE;
				CLANG_CXX_LANGUAGE_STANDARD = "gnu++14";
				CLANG_CXX_LIBRARY = "libc++";
				CLANG_ENABLE_MODULES = YES;
				CLANG_ENABLE_OBJC_ARC = YES;
				CLANG_WARN_BLOCK_CAPTURE_AUTORELEASING = YES;
				CLANG_WARN_BOOL_CONVERSION = YES;
				CLANG_WARN_COMMA = YES;
				CLANG_WARN_CONSTANT_CONVERSION = YES;
				CLANG_WARN_DEPRECATED_OBJC_IMPLEMENTATIONS = YES;
				CLANG_WARN_DIRECT_OBJC_ISA_USAGE = YES_ERROR;
				CLANG_WARN_DOCUMENTATION_COMMENTS = YES;
				CLANG_WARN_EMPTY_BODY = YES;
				CLANG_WARN_ENUM_CONVERSION = YES;
				CLANG_WARN_INFINITE_RECURSION = YES;
				CLANG_WARN_INT_CONVERSION = YES;
				CLANG_WARN_NON_LITERAL_NULL_CONVERSION = YES;
				CLANG_WARN_OBJC_IMPLICIT_RETAIN_SELF = YES;
				CLANG_WARN_OBJC_LITERAL_CONVERSION = YES;
				CLANG_WARN_OBJC_ROOT_CLASS = YES_ERROR;
				CLANG_WARN_QUOTED_INCLUDE_IN_FRAMEWORK_HEADER = YES;
				CLANG_WARN_RANGE_LOOP_ANALYSIS = YES;
				CLANG_WARN_STRICT_PROTOTYPES = YES;
				CLANG_WARN_SUSPICIOUS_MOVE = YES;
				CLANG_WARN_UNGUARDED_AVAILABILITY = YES_AGGRESSIVE;
				CLANG_WARN_UNREACHABLE_CODE = YES;
				CLANG_WARN__DUPLICATE_METHOD_MATCH = YES;
				CODE_SIGN_IDENTITY = "iPhone Developer";
				COPY_PHASE_STRIP = NO;
				DEBUG_INFORMATION_FORMAT = "dwarf-with-dsym";
				ENABLE_NS_ASSERTIONS = NO;
				ENABLE_STRICT_OBJC_MSGSEND = YES;
				GCC_C_LANGUAGE_STANDARD = gnu11;
				GCC_NO_COMMON_BLOCKS = YES;
				GCC_WARN_64_TO_32_BIT_CONVERSION = YES;
				GCC_WARN_ABOUT_RETURN_TYPE = YES_ERROR;
				GCC_WARN_UNDECLARED_SELECTOR = YES;
				GCC_WARN_UNINITIALIZED_AUTOS = YES_AGGRESSIVE;
				GCC_WARN_UNUSED_FUNCTION = YES;
				GCC_WARN_UNUSED_VARIABLE = YES;
				IPHONEOS_DEPLOYMENT_TARGET = 12.0;
				MTL_ENABLE_DEBUG_INFO = NO;
				SDKROOT = iphoneos;
				SWIFT_OBJC_BRIDGING_HEADER = "Tank War Redux-Bridging-Header";
				SWIFT_OPTIMIZATION_LEVEL = "-Owholemodule";
				VALIDATE_PRODUCT = YES;
			};
			name = Release;
		};
		E1787D3E1FACE3B3008FD5AF /* Debug */ = {
			isa = XCBuildConfiguration;
			buildSettings = {
				ASSETCATALOG_COMPILER_APPICON_NAME = AppIcon;
				CLANG_ENABLE_MODULES = YES;
				CODE_SIGN_STYLE = Automatic;
				DEVELOPMENT_TEAM = S63L4926ND;
				INFOPLIST_FILE = "Tank War Redux/Info.plist";
				LD_RUNPATH_SEARCH_PATHS = "$(inherited) @executable_path/Frameworks";
				PRODUCT_BUNDLE_IDENTIFIER = "com.zunisoft.ios.tank-war-redux";
				PRODUCT_NAME = "$(TARGET_NAME)";
				SWIFT_OBJC_BRIDGING_HEADER = "Tank War Redux/Tank War Redux-Bridging-Header.h";
				SWIFT_OPTIMIZATION_LEVEL = "-Onone";
				SWIFT_VERSION = 5.0;
				TARGETED_DEVICE_FAMILY = "1,2";
			};
			name = Debug;
		};
		E1787D3F1FACE3B3008FD5AF /* Release */ = {
			isa = XCBuildConfiguration;
			buildSettings = {
				ASSETCATALOG_COMPILER_APPICON_NAME = AppIcon;
				CLANG_ENABLE_MODULES = YES;
				CODE_SIGN_STYLE = Automatic;
				DEVELOPMENT_TEAM = S63L4926ND;
				INFOPLIST_FILE = "Tank War Redux/Info.plist";
				LD_RUNPATH_SEARCH_PATHS = "$(inherited) @executable_path/Frameworks";
				PRODUCT_BUNDLE_IDENTIFIER = "com.zunisoft.ios.tank-war-redux";
				PRODUCT_NAME = "$(TARGET_NAME)";
				SWIFT_OBJC_BRIDGING_HEADER = "Tank War Redux/Tank War Redux-Bridging-Header.h";
				SWIFT_VERSION = 5.0;
				TARGETED_DEVICE_FAMILY = "1,2";
			};
			name = Release;
		};
/* End XCBuildConfiguration section */

/* Begin XCConfigurationList section */
		E1787D261FACE3B3008FD5AF /* Build configuration list for PBXProject "Tank War Redux" */ = {
			isa = XCConfigurationList;
			buildConfigurations = (
				E1787D3B1FACE3B3008FD5AF /* Debug */,
				E1787D3C1FACE3B3008FD5AF /* Release */,
			);
			defaultConfigurationIsVisible = 0;
			defaultConfigurationName = Release;
		};
		E1787D3D1FACE3B3008FD5AF /* Build configuration list for PBXNativeTarget "Tank War Redux" */ = {
			isa = XCConfigurationList;
			buildConfigurations = (
				E1787D3E1FACE3B3008FD5AF /* Debug */,
				E1787D3F1FACE3B3008FD5AF /* Release */,
			);
			defaultConfigurationIsVisible = 0;
			defaultConfigurationName = Release;
		};
/* End XCConfigurationList section */
	};
	rootObject = E1787D231FACE3B3008FD5AF /* Project object */;
}
